// !$*UTF8*$!
{
	archiveVersion = 1;
	classes = {
	};
	objectVersion = 51;
	objects = {

/* Begin PBXBuildFile section */
		BBCE8EFD229F76E5001A4FDA /* AppDelegate.swift in Sources */ = {isa = PBXBuildFile; fileRef = BBCE8EFC229F76E5001A4FDA /* AppDelegate.swift */; };
		BBCE8EFF229F76E5001A4FDA /* ViewController.swift in Sources */ = {isa = PBXBuildFile; fileRef = BBCE8EFE229F76E5001A4FDA /* ViewController.swift */; };
		BBCE8F04229F76E6001A4FDA /* Assets.xcassets in Resources */ = {isa = PBXBuildFile; fileRef = BBCE8F03229F76E6001A4FDA /* Assets.xcassets */; };
		BBCE8F07229F76E6001A4FDA /* LaunchScreen.storyboard in Resources */ = {isa = PBXBuildFile; fileRef = BBCE8F05229F76E6001A4FDA /* LaunchScreen.storyboard */; };
		BBCE8F12229F7E81001A4FDA /* MainTabBarController.swift in Sources */ = {isa = PBXBuildFile; fileRef = BBCE8F11229F7E81001A4FDA /* MainTabBarController.swift */; };
		BBCE8F15229F810C001A4FDA /* MoviesListViewController.swift in Sources */ = {isa = PBXBuildFile; fileRef = BBCE8F14229F810C001A4FDA /* MoviesListViewController.swift */; };
		BBCE8F17229F811D001A4FDA /* CheckedMoviesListViewController.swift in Sources */ = {isa = PBXBuildFile; fileRef = BBCE8F16229F811D001A4FDA /* CheckedMoviesListViewController.swift */; };
		BBCE8F18229F8241001A4FDA /* Carthage.xcfilelist in Resources */ = {isa = PBXBuildFile; fileRef = BBCE8F0E229F7CB9001A4FDA /* Carthage.xcfilelist */; };
		BBCE8F1B229F84E4001A4FDA /* SnapKit.framework in Frameworks */ = {isa = PBXBuildFile; fileRef = BBCE8F1A229F84E4001A4FDA /* SnapKit.framework */; settings = {ATTRIBUTES = (Required, ); }; };
		BBCE8F20229F853C001A4FDA /* Moya.framework in Frameworks */ = {isa = PBXBuildFile; fileRef = BBCE8F1C229F853C001A4FDA /* Moya.framework */; settings = {ATTRIBUTES = (Required, ); }; };
		BBCE8F21229F853C001A4FDA /* RxReduce.framework in Frameworks */ = {isa = PBXBuildFile; fileRef = BBCE8F1D229F853C001A4FDA /* RxReduce.framework */; settings = {ATTRIBUTES = (Required, ); }; };
		BBCE8F22229F853C001A4FDA /* SVProgressHUD.framework in Frameworks */ = {isa = PBXBuildFile; fileRef = BBCE8F1E229F853C001A4FDA /* SVProgressHUD.framework */; settings = {ATTRIBUTES = (Required, ); }; };
		BBCE8F23229F853C001A4FDA /* RxSwift.framework in Frameworks */ = {isa = PBXBuildFile; fileRef = BBCE8F1F229F853C001A4FDA /* RxSwift.framework */; settings = {ATTRIBUTES = (Required, ); }; };
		BBCE8F25229F8961001A4FDA /* Reusable.framework in Frameworks */ = {isa = PBXBuildFile; fileRef = BBCE8F24229F8961001A4FDA /* Reusable.framework */; settings = {ATTRIBUTES = (Required, ); }; };
		BBCE8F27229F8B9E001A4FDA /* Result.framework in Frameworks */ = {isa = PBXBuildFile; fileRef = BBCE8F26229F8B9E001A4FDA /* Result.framework */; };
		BBCE8F2A229F8E9B001A4FDA /* AppState.swift in Sources */ = {isa = PBXBuildFile; fileRef = BBCE8F29229F8E9B001A4FDA /* AppState.swift */; };
		BBCE8F2D229F9176001A4FDA /* ViewModelBased.swift in Sources */ = {isa = PBXBuildFile; fileRef = BBCE8F2C229F9176001A4FDA /* ViewModelBased.swift */; };
		BBCE8F30229F92EC001A4FDA /* Injectable.swift in Sources */ = {isa = PBXBuildFile; fileRef = BBCE8F2F229F92EC001A4FDA /* Injectable.swift */; };
		BBCE8F33229F9918001A4FDA /* MoviesListViewModel.swift in Sources */ = {isa = PBXBuildFile; fileRef = BBCE8F32229F9918001A4FDA /* MoviesListViewModel.swift */; };
		BBCE8F35229F9985001A4FDA /* HasStore.swift in Sources */ = {isa = PBXBuildFile; fileRef = BBCE8F34229F9985001A4FDA /* HasStore.swift */; };
		BBCE8F37229F9BAE001A4FDA /* DependencyContainer.swift in Sources */ = {isa = PBXBuildFile; fileRef = BBCE8F36229F9BAE001A4FDA /* DependencyContainer.swift */; };
		BBCE8F3A229F9FB0001A4FDA /* MovieListViewCell.swift in Sources */ = {isa = PBXBuildFile; fileRef = BBCE8F38229F9FB0001A4FDA /* MovieListViewCell.swift */; };
		BBCE8F3B229F9FB0001A4FDA /* MovieListViewCell.xib in Resources */ = {isa = PBXBuildFile; fileRef = BBCE8F39229F9FB0001A4FDA /* MovieListViewCell.xib */; };
		BBCE8F3F229FA264001A4FDA /* Routes.swift in Sources */ = {isa = PBXBuildFile; fileRef = BBCE8F3E229FA264001A4FDA /* Routes.swift */; };
		BBCE8F43229FA30B001A4FDA /* DiscoverMovieResponse.swift in Sources */ = {isa = PBXBuildFile; fileRef = BBCE8F40229FA30B001A4FDA /* DiscoverMovieResponse.swift */; };
		BBCE8F44229FA30B001A4FDA /* DiscoverTVResponse.swift in Sources */ = {isa = PBXBuildFile; fileRef = BBCE8F41229FA30B001A4FDA /* DiscoverTVResponse.swift */; };
		BBCE8F45229FA30B001A4FDA /* Media.swift in Sources */ = {isa = PBXBuildFile; fileRef = BBCE8F42229FA30B001A4FDA /* Media.swift */; };
		BBCE8F48229FA34C001A4FDA /* NetworkService.swift in Sources */ = {isa = PBXBuildFile; fileRef = BBCE8F47229FA34C001A4FDA /* NetworkService.swift */; };
		BBCE8F4C229FA4D7001A4FDA /* AppActions.swift in Sources */ = {isa = PBXBuildFile; fileRef = BBCE8F4B229FA4D7001A4FDA /* AppActions.swift */; };
		BBCE8F4F229FAAC1001A4FDA /* AppMutators.swift in Sources */ = {isa = PBXBuildFile; fileRef = BBCE8F4E229FAAC1001A4FDA /* AppMutators.swift */; };
		BBCE8F52229FABC2001A4FDA /* AppLenses.swift in Sources */ = {isa = PBXBuildFile; fileRef = BBCE8F51229FABC2001A4FDA /* AppLenses.swift */; };
		BBCE8F55229FACC5001A4FDA /* AppReducers.swift in Sources */ = {isa = PBXBuildFile; fileRef = BBCE8F54229FACC5001A4FDA /* AppReducers.swift */; };
		BBCE8F57229FB440001A4FDA /* AlamofireImage.framework in Frameworks */ = {isa = PBXBuildFile; fileRef = BBCE8F56229FB440001A4FDA /* AlamofireImage.framework */; };
/* End PBXBuildFile section */

/* Begin PBXFileReference section */
		BBCE8EF9229F76E5001A4FDA /* RxReduceMovies.app */ = {isa = PBXFileReference; explicitFileType = wrapper.application; includeInIndex = 0; path = RxReduceMovies.app; sourceTree = BUILT_PRODUCTS_DIR; };
		BBCE8EFC229F76E5001A4FDA /* AppDelegate.swift */ = {isa = PBXFileReference; lastKnownFileType = sourcecode.swift; path = AppDelegate.swift; sourceTree = "<group>"; };
		BBCE8EFE229F76E5001A4FDA /* ViewController.swift */ = {isa = PBXFileReference; lastKnownFileType = sourcecode.swift; path = ViewController.swift; sourceTree = "<group>"; };
		BBCE8F03229F76E6001A4FDA /* Assets.xcassets */ = {isa = PBXFileReference; lastKnownFileType = folder.assetcatalog; path = Assets.xcassets; sourceTree = "<group>"; };
		BBCE8F06229F76E6001A4FDA /* Base */ = {isa = PBXFileReference; lastKnownFileType = file.storyboard; name = Base; path = Base.lproj/LaunchScreen.storyboard; sourceTree = "<group>"; };
		BBCE8F08229F76E6001A4FDA /* Info.plist */ = {isa = PBXFileReference; lastKnownFileType = text.plist.xml; path = Info.plist; sourceTree = "<group>"; };
		BBCE8F0E229F7CB9001A4FDA /* Carthage.xcfilelist */ = {isa = PBXFileReference; lastKnownFileType = text.xcfilelist; path = Carthage.xcfilelist; sourceTree = "<group>"; };
		BBCE8F11229F7E81001A4FDA /* MainTabBarController.swift */ = {isa = PBXFileReference; lastKnownFileType = sourcecode.swift; path = MainTabBarController.swift; sourceTree = "<group>"; };
		BBCE8F14229F810C001A4FDA /* MoviesListViewController.swift */ = {isa = PBXFileReference; lastKnownFileType = sourcecode.swift; path = MoviesListViewController.swift; sourceTree = "<group>"; };
		BBCE8F16229F811D001A4FDA /* CheckedMoviesListViewController.swift */ = {isa = PBXFileReference; lastKnownFileType = sourcecode.swift; path = CheckedMoviesListViewController.swift; sourceTree = "<group>"; };
		BBCE8F1A229F84E4001A4FDA /* SnapKit.framework */ = {isa = PBXFileReference; lastKnownFileType = wrapper.framework; name = SnapKit.framework; path = Carthage/Build/iOS/SnapKit.framework; sourceTree = "<group>"; };
		BBCE8F1C229F853C001A4FDA /* Moya.framework */ = {isa = PBXFileReference; lastKnownFileType = wrapper.framework; name = Moya.framework; path = Carthage/Build/iOS/Moya.framework; sourceTree = "<group>"; };
		BBCE8F1D229F853C001A4FDA /* RxReduce.framework */ = {isa = PBXFileReference; lastKnownFileType = wrapper.framework; name = RxReduce.framework; path = Carthage/Build/iOS/RxReduce.framework; sourceTree = "<group>"; };
		BBCE8F1E229F853C001A4FDA /* SVProgressHUD.framework */ = {isa = PBXFileReference; lastKnownFileType = wrapper.framework; name = SVProgressHUD.framework; path = Carthage/Build/iOS/SVProgressHUD.framework; sourceTree = "<group>"; };
		BBCE8F1F229F853C001A4FDA /* RxSwift.framework */ = {isa = PBXFileReference; lastKnownFileType = wrapper.framework; name = RxSwift.framework; path = Carthage/Build/iOS/RxSwift.framework; sourceTree = "<group>"; };
		BBCE8F24229F8961001A4FDA /* Reusable.framework */ = {isa = PBXFileReference; lastKnownFileType = wrapper.framework; name = Reusable.framework; path = Carthage/Build/iOS/Reusable.framework; sourceTree = "<group>"; };
		BBCE8F26229F8B9E001A4FDA /* Result.framework */ = {isa = PBXFileReference; lastKnownFileType = wrapper.framework; name = Result.framework; path = Carthage/Build/iOS/Result.framework; sourceTree = "<group>"; };
		BBCE8F29229F8E9B001A4FDA /* AppState.swift */ = {isa = PBXFileReference; lastKnownFileType = sourcecode.swift; path = AppState.swift; sourceTree = "<group>"; };
		BBCE8F2C229F9176001A4FDA /* ViewModelBased.swift */ = {isa = PBXFileReference; lastKnownFileType = sourcecode.swift; path = ViewModelBased.swift; sourceTree = "<group>"; };
		BBCE8F2F229F92EC001A4FDA /* Injectable.swift */ = {isa = PBXFileReference; lastKnownFileType = sourcecode.swift; path = Injectable.swift; sourceTree = "<group>"; };
		BBCE8F32229F9918001A4FDA /* MoviesListViewModel.swift */ = {isa = PBXFileReference; lastKnownFileType = sourcecode.swift; path = MoviesListViewModel.swift; sourceTree = "<group>"; };
		BBCE8F34229F9985001A4FDA /* HasStore.swift */ = {isa = PBXFileReference; lastKnownFileType = sourcecode.swift; path = HasStore.swift; sourceTree = "<group>"; };
		BBCE8F36229F9BAE001A4FDA /* DependencyContainer.swift */ = {isa = PBXFileReference; lastKnownFileType = sourcecode.swift; path = DependencyContainer.swift; sourceTree = "<group>"; };
		BBCE8F38229F9FB0001A4FDA /* MovieListViewCell.swift */ = {isa = PBXFileReference; fileEncoding = 4; lastKnownFileType = sourcecode.swift; path = MovieListViewCell.swift; sourceTree = "<group>"; };
		BBCE8F39229F9FB0001A4FDA /* MovieListViewCell.xib */ = {isa = PBXFileReference; fileEncoding = 4; lastKnownFileType = file.xib; path = MovieListViewCell.xib; sourceTree = "<group>"; };
		BBCE8F3E229FA264001A4FDA /* Routes.swift */ = {isa = PBXFileReference; fileEncoding = 4; lastKnownFileType = sourcecode.swift; path = Routes.swift; sourceTree = "<group>"; };
		BBCE8F40229FA30B001A4FDA /* DiscoverMovieResponse.swift */ = {isa = PBXFileReference; fileEncoding = 4; lastKnownFileType = sourcecode.swift; path = DiscoverMovieResponse.swift; sourceTree = "<group>"; };
		BBCE8F41229FA30B001A4FDA /* DiscoverTVResponse.swift */ = {isa = PBXFileReference; fileEncoding = 4; lastKnownFileType = sourcecode.swift; path = DiscoverTVResponse.swift; sourceTree = "<group>"; };
		BBCE8F42229FA30B001A4FDA /* Media.swift */ = {isa = PBXFileReference; fileEncoding = 4; lastKnownFileType = sourcecode.swift; path = Media.swift; sourceTree = "<group>"; };
		BBCE8F47229FA34C001A4FDA /* NetworkService.swift */ = {isa = PBXFileReference; fileEncoding = 4; lastKnownFileType = sourcecode.swift; path = NetworkService.swift; sourceTree = "<group>"; };
		BBCE8F4B229FA4D7001A4FDA /* AppActions.swift */ = {isa = PBXFileReference; lastKnownFileType = sourcecode.swift; path = AppActions.swift; sourceTree = "<group>"; };
		BBCE8F4E229FAAC1001A4FDA /* AppMutators.swift */ = {isa = PBXFileReference; lastKnownFileType = sourcecode.swift; path = AppMutators.swift; sourceTree = "<group>"; };
		BBCE8F51229FABC2001A4FDA /* AppLenses.swift */ = {isa = PBXFileReference; lastKnownFileType = sourcecode.swift; path = AppLenses.swift; sourceTree = "<group>"; };
		BBCE8F54229FACC5001A4FDA /* AppReducers.swift */ = {isa = PBXFileReference; lastKnownFileType = sourcecode.swift; path = AppReducers.swift; sourceTree = "<group>"; };
		BBCE8F56229FB440001A4FDA /* AlamofireImage.framework */ = {isa = PBXFileReference; lastKnownFileType = wrapper.framework; name = AlamofireImage.framework; path = Carthage/Build/iOS/AlamofireImage.framework; sourceTree = "<group>"; };
/* End PBXFileReference section */

/* Begin PBXFrameworksBuildPhase section */
		BBCE8EF6229F76E5001A4FDA /* Frameworks */ = {
			isa = PBXFrameworksBuildPhase;
			buildActionMask = 2147483647;
			files = (
				BBCE8F57229FB440001A4FDA /* AlamofireImage.framework in Frameworks */,
				BBCE8F27229F8B9E001A4FDA /* Result.framework in Frameworks */,
				BBCE8F25229F8961001A4FDA /* Reusable.framework in Frameworks */,
				BBCE8F20229F853C001A4FDA /* Moya.framework in Frameworks */,
				BBCE8F21229F853C001A4FDA /* RxReduce.framework in Frameworks */,
				BBCE8F22229F853C001A4FDA /* SVProgressHUD.framework in Frameworks */,
				BBCE8F23229F853C001A4FDA /* RxSwift.framework in Frameworks */,
				BBCE8F1B229F84E4001A4FDA /* SnapKit.framework in Frameworks */,
			);
			runOnlyForDeploymentPostprocessing = 0;
		};
/* End PBXFrameworksBuildPhase section */

/* Begin PBXGroup section */
		BBCE8EF0229F76E5001A4FDA = {
			isa = PBXGroup;
			children = (
				BBCE8EFB229F76E5001A4FDA /* RxReduceMovies */,
				BBCE8EFA229F76E5001A4FDA /* Products */,
				BBCE8F19229F84E4001A4FDA /* Frameworks */,
			);
			sourceTree = "<group>";
		};
		BBCE8EFA229F76E5001A4FDA /* Products */ = {
			isa = PBXGroup;
			children = (
				BBCE8EF9229F76E5001A4FDA /* RxReduceMovies.app */,
			);
			name = Products;
			sourceTree = "<group>";
		};
		BBCE8EFB229F76E5001A4FDA /* RxReduceMovies */ = {
			isa = PBXGroup;
			children = (
				BBCE8F49229FA4BD001A4FDA /* Redux */,
				BBCE8F46229FA345001A4FDA /* API */,
				BBCE8F3C229FA210001A4FDA /* Models */,
				BBCE8F2E229F9298001A4FDA /* Protocol */,
				BBCE8F2B229F9163001A4FDA /* Extensions */,
				BBCE8F10229F7E5E001A4FDA /* Scenes */,
				BBCE8EFC229F76E5001A4FDA /* AppDelegate.swift */,
				BBCE8EFE229F76E5001A4FDA /* ViewController.swift */,
				BBCE8F03229F76E6001A4FDA /* Assets.xcassets */,
				BBCE8F05229F76E6001A4FDA /* LaunchScreen.storyboard */,
				BBCE8F08229F76E6001A4FDA /* Info.plist */,
				BBCE8F0E229F7CB9001A4FDA /* Carthage.xcfilelist */,
			);
			path = RxReduceMovies;
			sourceTree = "<group>";
		};
		BBCE8F10229F7E5E001A4FDA /* Scenes */ = {
			isa = PBXGroup;
			children = (
				BBCE8F31229F9900001A4FDA /* MoviesList */,
				BBCE8F13229F80F2001A4FDA /* Containers */,
				BBCE8F16229F811D001A4FDA /* CheckedMoviesListViewController.swift */,
			);
			path = Scenes;
			sourceTree = "<group>";
		};
		BBCE8F13229F80F2001A4FDA /* Containers */ = {
			isa = PBXGroup;
			children = (
				BBCE8F11229F7E81001A4FDA /* MainTabBarController.swift */,
			);
			path = Containers;
			sourceTree = "<group>";
		};
		BBCE8F19229F84E4001A4FDA /* Frameworks */ = {
			isa = PBXGroup;
			children = (
				BBCE8F56229FB440001A4FDA /* AlamofireImage.framework */,
				BBCE8F26229F8B9E001A4FDA /* Result.framework */,
				BBCE8F24229F8961001A4FDA /* Reusable.framework */,
				BBCE8F1C229F853C001A4FDA /* Moya.framework */,
				BBCE8F1D229F853C001A4FDA /* RxReduce.framework */,
				BBCE8F1F229F853C001A4FDA /* RxSwift.framework */,
				BBCE8F1E229F853C001A4FDA /* SVProgressHUD.framework */,
				BBCE8F1A229F84E4001A4FDA /* SnapKit.framework */,
			);
			name = Frameworks;
			sourceTree = "<group>";
		};
		BBCE8F28229F8E8A001A4FDA /* State */ = {
			isa = PBXGroup;
			children = (
				BBCE8F29229F8E9B001A4FDA /* AppState.swift */,
			);
			path = State;
			sourceTree = "<group>";
		};
		BBCE8F2B229F9163001A4FDA /* Extensions */ = {
			isa = PBXGroup;
			children = (
			);
			path = Extensions;
			sourceTree = "<group>";
		};
		BBCE8F2E229F9298001A4FDA /* Protocol */ = {
			isa = PBXGroup;
			children = (
				BBCE8F2C229F9176001A4FDA /* ViewModelBased.swift */,
				BBCE8F2F229F92EC001A4FDA /* Injectable.swift */,
				BBCE8F34229F9985001A4FDA /* HasStore.swift */,
			);
			path = Protocol;
			sourceTree = "<group>";
		};
		BBCE8F31229F9900001A4FDA /* MoviesList */ = {
			isa = PBXGroup;
			children = (
				BBCE8F14229F810C001A4FDA /* MoviesListViewController.swift */,
				BBCE8F32229F9918001A4FDA /* MoviesListViewModel.swift */,
				BBCE8F38229F9FB0001A4FDA /* MovieListViewCell.swift */,
				BBCE8F39229F9FB0001A4FDA /* MovieListViewCell.xib */,
			);
			path = MoviesList;
			sourceTree = "<group>";
		};
		BBCE8F3C229FA210001A4FDA /* Models */ = {
			isa = PBXGroup;
			children = (
				BBCE8F3E229FA264001A4FDA /* Routes.swift */,
				BBCE8F36229F9BAE001A4FDA /* DependencyContainer.swift */,
				BBCE8F3D229FA221001A4FDA /* Codables */,
			);
			path = Models;
			sourceTree = "<group>";
		};
		BBCE8F3D229FA221001A4FDA /* Codables */ = {
			isa = PBXGroup;
			children = (
				BBCE8F40229FA30B001A4FDA /* DiscoverMovieResponse.swift */,
				BBCE8F41229FA30B001A4FDA /* DiscoverTVResponse.swift */,
				BBCE8F42229FA30B001A4FDA /* Media.swift */,
			);
			path = Codables;
			sourceTree = "<group>";
		};
		BBCE8F46229FA345001A4FDA /* API */ = {
			isa = PBXGroup;
			children = (
				BBCE8F47229FA34C001A4FDA /* NetworkService.swift */,
			);
			path = API;
			sourceTree = "<group>";
		};
		BBCE8F49229FA4BD001A4FDA /* Redux */ = {
			isa = PBXGroup;
			children = (
				BBCE8F53229FACB9001A4FDA /* Reducers */,
				BBCE8F50229FABB5001A4FDA /* Lens */,
				BBCE8F4D229FAAB3001A4FDA /* Mutators */,
				BBCE8F28229F8E8A001A4FDA /* State */,
				BBCE8F4A229FA4C3001A4FDA /* Action */,
			);
			path = Redux;
			sourceTree = "<group>";
		};
		BBCE8F4A229FA4C3001A4FDA /* Action */ = {
			isa = PBXGroup;
			children = (
				BBCE8F4B229FA4D7001A4FDA /* AppActions.swift */,
			);
			path = Action;
			sourceTree = "<group>";
		};
		BBCE8F4D229FAAB3001A4FDA /* Mutators */ = {
			isa = PBXGroup;
			children = (
				BBCE8F4E229FAAC1001A4FDA /* AppMutators.swift */,
			);
			path = Mutators;
			sourceTree = "<group>";
		};
		BBCE8F50229FABB5001A4FDA /* Lens */ = {
			isa = PBXGroup;
			children = (
				BBCE8F51229FABC2001A4FDA /* AppLenses.swift */,
			);
			path = Lens;
			sourceTree = "<group>";
		};
		BBCE8F53229FACB9001A4FDA /* Reducers */ = {
			isa = PBXGroup;
			children = (
				BBCE8F54229FACC5001A4FDA /* AppReducers.swift */,
			);
			path = Reducers;
			sourceTree = "<group>";
		};
/* End PBXGroup section */

/* Begin PBXNativeTarget section */
		BBCE8EF8229F76E5001A4FDA /* RxReduceMovies */ = {
			isa = PBXNativeTarget;
			buildConfigurationList = BBCE8F0B229F76E6001A4FDA /* Build configuration list for PBXNativeTarget "RxReduceMovies" */;
			buildPhases = (
				BBCE8EF5229F76E5001A4FDA /* Sources */,
				BBCE8EF6229F76E5001A4FDA /* Frameworks */,
				BBCE8EF7229F76E5001A4FDA /* Resources */,
				BBCE8F0F229F7DC3001A4FDA /* ⚙️ Carthage Run Script */,
			);
			buildRules = (
			);
			dependencies = (
			);
			name = RxReduceMovies;
			productName = RxReduceMovies;
			productReference = BBCE8EF9229F76E5001A4FDA /* RxReduceMovies.app */;
			productType = "com.apple.product-type.application";
		};
/* End PBXNativeTarget section */

/* Begin PBXProject section */
		BBCE8EF1229F76E5001A4FDA /* Project object */ = {
			isa = PBXProject;
			attributes = {
				LastSwiftUpdateCheck = 1020;
				LastUpgradeCheck = 1020;
				ORGANIZATIONNAME = KazukiSugita;
				TargetAttributes = {
					BBCE8EF8229F76E5001A4FDA = {
						CreatedOnToolsVersion = 10.2.1;
					};
				};
			};
			buildConfigurationList = BBCE8EF4229F76E5001A4FDA /* Build configuration list for PBXProject "RxReduceMovies" */;
			compatibilityVersion = "Xcode 9.3";
			developmentRegion = en;
			hasScannedForEncodings = 0;
			knownRegions = (
				en,
				Base,
			);
			mainGroup = BBCE8EF0229F76E5001A4FDA;
			productRefGroup = BBCE8EFA229F76E5001A4FDA /* Products */;
			projectDirPath = "";
			projectRoot = "";
			targets = (
				BBCE8EF8229F76E5001A4FDA /* RxReduceMovies */,
			);
		};
/* End PBXProject section */

/* Begin PBXResourcesBuildPhase section */
		BBCE8EF7229F76E5001A4FDA /* Resources */ = {
			isa = PBXResourcesBuildPhase;
			buildActionMask = 2147483647;
			files = (
				BBCE8F07229F76E6001A4FDA /* LaunchScreen.storyboard in Resources */,
				BBCE8F3B229F9FB0001A4FDA /* MovieListViewCell.xib in Resources */,
				BBCE8F18229F8241001A4FDA /* Carthage.xcfilelist in Resources */,
				BBCE8F04229F76E6001A4FDA /* Assets.xcassets in Resources */,
			);
			runOnlyForDeploymentPostprocessing = 0;
		};
/* End PBXResourcesBuildPhase section */

/* Begin PBXShellScriptBuildPhase section */
		BBCE8F0F229F7DC3001A4FDA /* ⚙️ Carthage Run Script */ = {
			isa = PBXShellScriptBuildPhase;
			buildActionMask = 2147483647;
			files = (
			);
			inputFileListPaths = (
				"$(SRCROOT)/RxReduceMovies/Carthage.xcfilelist",
			);
			inputPaths = (
			);
			name = "⚙️ Carthage Run Script";
			outputFileListPaths = (
			);
			outputPaths = (
			);
			runOnlyForDeploymentPostprocessing = 0;
			shellPath = /bin/sh;
			shellScript = "/usr/local/bin/carthage copy-frameworks\n";
		};
/* End PBXShellScriptBuildPhase section */

/* Begin PBXSourcesBuildPhase section */
		BBCE8EF5229F76E5001A4FDA /* Sources */ = {
			isa = PBXSourcesBuildPhase;
			buildActionMask = 2147483647;
			files = (
				BBCE8F30229F92EC001A4FDA /* Injectable.swift in Sources */,
				BBCE8F17229F811D001A4FDA /* CheckedMoviesListViewController.swift in Sources */,
				BBCE8EFF229F76E5001A4FDA /* ViewController.swift in Sources */,
				BBCE8F52229FABC2001A4FDA /* AppLenses.swift in Sources */,
				BBCE8F33229F9918001A4FDA /* MoviesListViewModel.swift in Sources */,
				BBCE8EFD229F76E5001A4FDA /* AppDelegate.swift in Sources */,
				BBCE8F48229FA34C001A4FDA /* NetworkService.swift in Sources */,
				BBCE8F44229FA30B001A4FDA /* DiscoverTVResponse.swift in Sources */,
				BBCE8F55229FACC5001A4FDA /* AppReducers.swift in Sources */,
				BBCE8F45229FA30B001A4FDA /* Media.swift in Sources */,
				BBCE8F3A229F9FB0001A4FDA /* MovieListViewCell.swift in Sources */,
				BBCE8F43229FA30B001A4FDA /* DiscoverMovieResponse.swift in Sources */,
				BBCE8F37229F9BAE001A4FDA /* DependencyContainer.swift in Sources */,
				BBCE8F4F229FAAC1001A4FDA /* AppMutators.swift in Sources */,
				BBCE8F4C229FA4D7001A4FDA /* AppActions.swift in Sources */,
				BBCE8F2A229F8E9B001A4FDA /* AppState.swift in Sources */,
				BBCE8F3F229FA264001A4FDA /* Routes.swift in Sources */,
				BBCE8F35229F9985001A4FDA /* HasStore.swift in Sources */,
				BBCE8F2D229F9176001A4FDA /* ViewModelBased.swift in Sources */,
				BBCE8F12229F7E81001A4FDA /* MainTabBarController.swift in Sources */,
				BBCE8F15229F810C001A4FDA /* MoviesListViewController.swift in Sources */,
			);
			runOnlyForDeploymentPostprocessing = 0;
		};
/* End PBXSourcesBuildPhase section */

/* Begin PBXVariantGroup section */
		BBCE8F05229F76E6001A4FDA /* LaunchScreen.storyboard */ = {
			isa = PBXVariantGroup;
			children = (
				BBCE8F06229F76E6001A4FDA /* Base */,
			);
			name = LaunchScreen.storyboard;
			sourceTree = "<group>";
		};
/* End PBXVariantGroup section */

/* Begin XCBuildConfiguration section */
		BBCE8F09229F76E6001A4FDA /* Debug */ = {
			isa = XCBuildConfiguration;
			buildSettings = {
				ALWAYS_SEARCH_USER_PATHS = NO;
				CLANG_ANALYZER_NONNULL = YES;
				CLANG_ANALYZER_NUMBER_OBJECT_CONVERSION = YES_AGGRESSIVE;
				CLANG_CXX_LANGUAGE_STANDARD = "gnu++14";
				CLANG_CXX_LIBRARY = "libc++";
				CLANG_ENABLE_MODULES = YES;
				CLANG_ENABLE_OBJC_ARC = YES;
				CLANG_ENABLE_OBJC_WEAK = YES;
				CLANG_WARN_BLOCK_CAPTURE_AUTORELEASING = YES;
				CLANG_WARN_BOOL_CONVERSION = YES;
				CLANG_WARN_COMMA = YES;
				CLANG_WARN_CONSTANT_CONVERSION = YES;
				CLANG_WARN_DEPRECATED_OBJC_IMPLEMENTATIONS = YES;
				CLANG_WARN_DIRECT_OBJC_ISA_USAGE = YES_ERROR;
				CLANG_WARN_DOCUMENTATION_COMMENTS = YES;
				CLANG_WARN_EMPTY_BODY = YES;
				CLANG_WARN_ENUM_CONVERSION = YES;
				CLANG_WARN_INFINITE_RECURSION = YES;
				CLANG_WARN_INT_CONVERSION = YES;
				CLANG_WARN_NON_LITERAL_NULL_CONVERSION = YES;
				CLANG_WARN_OBJC_IMPLICIT_RETAIN_SELF = YES;
				CLANG_WARN_OBJC_LITERAL_CONVERSION = YES;
				CLANG_WARN_OBJC_ROOT_CLASS = YES_ERROR;
				CLANG_WARN_RANGE_LOOP_ANALYSIS = YES;
				CLANG_WARN_STRICT_PROTOTYPES = YES;
				CLANG_WARN_SUSPICIOUS_MOVE = YES;
				CLANG_WARN_UNGUARDED_AVAILABILITY = YES_AGGRESSIVE;
				CLANG_WARN_UNREACHABLE_CODE = YES;
				CLANG_WARN__DUPLICATE_METHOD_MATCH = YES;
				CODE_SIGN_IDENTITY = "iPhone Developer";
				COPY_PHASE_STRIP = NO;
				DEBUG_INFORMATION_FORMAT = dwarf;
				ENABLE_STRICT_OBJC_MSGSEND = YES;
				ENABLE_TESTABILITY = YES;
				GCC_C_LANGUAGE_STANDARD = gnu11;
				GCC_DYNAMIC_NO_PIC = NO;
				GCC_NO_COMMON_BLOCKS = YES;
				GCC_OPTIMIZATION_LEVEL = 0;
				GCC_PREPROCESSOR_DEFINITIONS = (
					"DEBUG=1",
					"$(inherited)",
				);
				GCC_WARN_64_TO_32_BIT_CONVERSION = YES;
				GCC_WARN_ABOUT_RETURN_TYPE = YES_ERROR;
				GCC_WARN_UNDECLARED_SELECTOR = YES;
				GCC_WARN_UNINITIALIZED_AUTOS = YES_AGGRESSIVE;
				GCC_WARN_UNUSED_FUNCTION = YES;
				GCC_WARN_UNUSED_VARIABLE = YES;
				IPHONEOS_DEPLOYMENT_TARGET = 12.2;
				MTL_ENABLE_DEBUG_INFO = INCLUDE_SOURCE;
				MTL_FAST_MATH = YES;
				ONLY_ACTIVE_ARCH = YES;
				SDKROOT = iphoneos;
				SWIFT_ACTIVE_COMPILATION_CONDITIONS = DEBUG;
				SWIFT_OPTIMIZATION_LEVEL = "-Onone";
			};
			name = Debug;
		};
		BBCE8F0A229F76E6001A4FDA /* Release */ = {
			isa = XCBuildConfiguration;
			buildSettings = {
				ALWAYS_SEARCH_USER_PATHS = NO;
				CLANG_ANALYZER_NONNULL = YES;
				CLANG_ANALYZER_NUMBER_OBJECT_CONVERSION = YES_AGGRESSIVE;
				CLANG_CXX_LANGUAGE_STANDARD = "gnu++14";
				CLANG_CXX_LIBRARY = "libc++";
				CLANG_ENABLE_MODULES = YES;
				CLANG_ENABLE_OBJC_ARC = YES;
				CLANG_ENABLE_OBJC_WEAK = YES;
				CLANG_WARN_BLOCK_CAPTURE_AUTORELEASING = YES;
				CLANG_WARN_BOOL_CONVERSION = YES;
				CLANG_WARN_COMMA = YES;
				CLANG_WARN_CONSTANT_CONVERSION = YES;
				CLANG_WARN_DEPRECATED_OBJC_IMPLEMENTATIONS = YES;
				CLANG_WARN_DIRECT_OBJC_ISA_USAGE = YES_ERROR;
				CLANG_WARN_DOCUMENTATION_COMMENTS = YES;
				CLANG_WARN_EMPTY_BODY = YES;
				CLANG_WARN_ENUM_CONVERSION = YES;
				CLANG_WARN_INFINITE_RECURSION = YES;
				CLANG_WARN_INT_CONVERSION = YES;
				CLANG_WARN_NON_LITERAL_NULL_CONVERSION = YES;
				CLANG_WARN_OBJC_IMPLICIT_RETAIN_SELF = YES;
				CLANG_WARN_OBJC_LITERAL_CONVERSION = YES;
				CLANG_WARN_OBJC_ROOT_CLASS = YES_ERROR;
				CLANG_WARN_RANGE_LOOP_ANALYSIS = YES;
				CLANG_WARN_STRICT_PROTOTYPES = YES;
				CLANG_WARN_SUSPICIOUS_MOVE = YES;
				CLANG_WARN_UNGUARDED_AVAILABILITY = YES_AGGRESSIVE;
				CLANG_WARN_UNREACHABLE_CODE = YES;
				CLANG_WARN__DUPLICATE_METHOD_MATCH = YES;
				CODE_SIGN_IDENTITY = "iPhone Developer";
				COPY_PHASE_STRIP = NO;
				DEBUG_INFORMATION_FORMAT = "dwarf-with-dsym";
				ENABLE_NS_ASSERTIONS = NO;
				ENABLE_STRICT_OBJC_MSGSEND = YES;
				GCC_C_LANGUAGE_STANDARD = gnu11;
				GCC_NO_COMMON_BLOCKS = YES;
				GCC_WARN_64_TO_32_BIT_CONVERSION = YES;
				GCC_WARN_ABOUT_RETURN_TYPE = YES_ERROR;
				GCC_WARN_UNDECLARED_SELECTOR = YES;
				GCC_WARN_UNINITIALIZED_AUTOS = YES_AGGRESSIVE;
				GCC_WARN_UNUSED_FUNCTION = YES;
				GCC_WARN_UNUSED_VARIABLE = YES;
				IPHONEOS_DEPLOYMENT_TARGET = 12.2;
				MTL_ENABLE_DEBUG_INFO = NO;
				MTL_FAST_MATH = YES;
				SDKROOT = iphoneos;
				SWIFT_COMPILATION_MODE = wholemodule;
				SWIFT_OPTIMIZATION_LEVEL = "-O";
				VALIDATE_PRODUCT = YES;
			};
			name = Release;
		};
		BBCE8F0C229F76E6001A4FDA /* Debug */ = {
			isa = XCBuildConfiguration;
			buildSettings = {
				ASSETCATALOG_COMPILER_APPICON_NAME = AppIcon;
				CODE_SIGN_STYLE = Automatic;
				DEVELOPMENT_TEAM = DX96WU2A55;
				FRAMEWORK_SEARCH_PATHS = (
					"$(inherited)",
					"$(PROJECT_DIR)/Carthage/Build/iOS",
				);
				INFOPLIST_FILE = RxReduceMovies/Info.plist;
				IPHONEOS_DEPLOYMENT_TARGET = 11.0;
				LD_RUNPATH_SEARCH_PATHS = (
					"$(inherited)",
					"@executable_path/Frameworks",
				);
				PRODUCT_BUNDLE_IDENTIFIER = com.KazukiSugita.RxReduceMovies;
				PRODUCT_NAME = "$(TARGET_NAME)";
				SWIFT_VERSION = 5.0;
				TARGETED_DEVICE_FAMILY = 1;
			};
			name = Debug;
		};
		BBCE8F0D229F76E6001A4FDA /* Release */ = {
			isa = XCBuildConfiguration;
			buildSettings = {
				ASSETCATALOG_COMPILER_APPICON_NAME = AppIcon;
				CODE_SIGN_STYLE = Automatic;
				DEVELOPMENT_TEAM = DX96WU2A55;
				FRAMEWORK_SEARCH_PATHS = (
					"$(inherited)",
					"$(PROJECT_DIR)/Carthage/Build/iOS",
				);
				INFOPLIST_FILE = RxReduceMovies/Info.plist;
				IPHONEOS_DEPLOYMENT_TARGET = 11.0;
				LD_RUNPATH_SEARCH_PATHS = (
					"$(inherited)",
					"@executable_path/Frameworks",
				);
				PRODUCT_BUNDLE_IDENTIFIER = com.KazukiSugita.RxReduceMovies;
				PRODUCT_NAME = "$(TARGET_NAME)";
				SWIFT_VERSION = 5.0;
				TARGETED_DEVICE_FAMILY = 1;
			};
			name = Release;
		};
/* End XCBuildConfiguration section */

/* Begin XCConfigurationList section */
		BBCE8EF4229F76E5001A4FDA /* Build configuration list for PBXProject "RxReduceMovies" */ = {
			isa = XCConfigurationList;
			buildConfigurations = (
				BBCE8F09229F76E6001A4FDA /* Debug */,
				BBCE8F0A229F76E6001A4FDA /* Release */,
			);
			defaultConfigurationIsVisible = 0;
			defaultConfigurationName = Release;
		};
		BBCE8F0B229F76E6001A4FDA /* Build configuration list for PBXNativeTarget "RxReduceMovies" */ = {
			isa = XCConfigurationList;
			buildConfigurations = (
				BBCE8F0C229F76E6001A4FDA /* Debug */,
				BBCE8F0D229F76E6001A4FDA /* Release */,
			);
			defaultConfigurationIsVisible = 0;
			defaultConfigurationName = Release;
		};
/* End XCConfigurationList section */
	};
	rootObject = BBCE8EF1229F76E5001A4FDA /* Project object */;
}
