// !$*UTF8*$!
{
	archiveVersion = 1;
	classes = {
	};
	objectVersion = 50;
	objects = {

/* Begin PBXBuildFile section */
		BBCE8EFD229F76E5001A4FDA /* AppDelegate.swift in Sources */ = {isa = PBXBuildFile; fileRef = BBCE8EFC229F76E5001A4FDA /* AppDelegate.swift */; };
		BBCE8EFF229F76E5001A4FDA /* ViewController.swift in Sources */ = {isa = PBXBuildFile; fileRef = BBCE8EFE229F76E5001A4FDA /* ViewController.swift */; };
		BBCE8F02229F76E5001A4FDA /* Main.storyboard in Resources */ = {isa = PBXBuildFile; fileRef = BBCE8F00229F76E5001A4FDA /* Main.storyboard */; };
		BBCE8F04229F76E6001A4FDA /* Assets.xcassets in Resources */ = {isa = PBXBuildFile; fileRef = BBCE8F03229F76E6001A4FDA /* Assets.xcassets */; };
		BBCE8F07229F76E6001A4FDA /* LaunchScreen.storyboard in Resources */ = {isa = PBXBuildFile; fileRef = BBCE8F05229F76E6001A4FDA /* LaunchScreen.storyboard */; };
/* End PBXBuildFile section */

/* Begin PBXFileReference section */
		BBCE8EF9229F76E5001A4FDA /* RxReduceMovies.app */ = {isa = PBXFileReference; explicitFileType = wrapper.application; includeInIndex = 0; path = RxReduceMovies.app; sourceTree = BUILT_PRODUCTS_DIR; };
		BBCE8EFC229F76E5001A4FDA /* AppDelegate.swift */ = {isa = PBXFileReference; lastKnownFileType = sourcecode.swift; path = AppDelegate.swift; sourceTree = "<group>"; };
		BBCE8EFE229F76E5001A4FDA /* ViewController.swift */ = {isa = PBXFileReference; lastKnownFileType = sourcecode.swift; path = ViewController.swift; sourceTree = "<group>"; };
		BBCE8F01229F76E5001A4FDA /* Base */ = {isa = PBXFileReference; lastKnownFileType = file.storyboard; name = Base; path = Base.lproj/Main.storyboard; sourceTree = "<group>"; };
		BBCE8F03229F76E6001A4FDA /* Assets.xcassets */ = {isa = PBXFileReference; lastKnownFileType = folder.assetcatalog; path = Assets.xcassets; sourceTree = "<group>"; };
		BBCE8F06229F76E6001A4FDA /* Base */ = {isa = PBXFileReference; lastKnownFileType = file.storyboard; name = Base; path = Base.lproj/LaunchScreen.storyboard; sourceTree = "<group>"; };
		BBCE8F08229F76E6001A4FDA /* Info.plist */ = {isa = PBXFileReference; lastKnownFileType = text.plist.xml; path = Info.plist; sourceTree = "<group>"; };
/* End PBXFileReference section */

/* Begin PBXFrameworksBuildPhase section */
		BBCE8EF6229F76E5001A4FDA /* Frameworks */ = {
			isa = PBXFrameworksBuildPhase;
			buildActionMask = 2147483647;
			files = (
			);
			runOnlyForDeploymentPostprocessing = 0;
		};
/* End PBXFrameworksBuildPhase section */

/* Begin PBXGroup section */
		BBCE8EF0229F76E5001A4FDA = {
			isa = PBXGroup;
			children = (
				BBCE8EFB229F76E5001A4FDA /* RxReduceMovies */,
				BBCE8EFA229F76E5001A4FDA /* Products */,
			);
			sourceTree = "<group>";
		};
		BBCE8EFA229F76E5001A4FDA /* Products */ = {
			isa = PBXGroup;
			children = (
				BBCE8EF9229F76E5001A4FDA /* RxReduceMovies.app */,
			);
			name = Products;
			sourceTree = "<group>";
		};
		BBCE8EFB229F76E5001A4FDA /* RxReduceMovies */ = {
			isa = PBXGroup;
			children = (
				BBCE8EFC229F76E5001A4FDA /* AppDelegate.swift */,
				BBCE8EFE229F76E5001A4FDA /* ViewController.swift */,
				BBCE8F00229F76E5001A4FDA /* Main.storyboard */,
				BBCE8F03229F76E6001A4FDA /* Assets.xcassets */,
				BBCE8F05229F76E6001A4FDA /* LaunchScreen.storyboard */,
				BBCE8F08229F76E6001A4FDA /* Info.plist */,
			);
			path = RxReduceMovies;
			sourceTree = "<group>";
		};
/* End PBXGroup section */

/* Begin PBXNativeTarget section */
		BBCE8EF8229F76E5001A4FDA /* RxReduceMovies */ = {
			isa = PBXNativeTarget;
			buildConfigurationList = BBCE8F0B229F76E6001A4FDA /* Build configuration list for PBXNativeTarget "RxReduceMovies" */;
			buildPhases = (
				BBCE8EF5229F76E5001A4FDA /* Sources */,
				BBCE8EF6229F76E5001A4FDA /* Frameworks */,
				BBCE8EF7229F76E5001A4FDA /* Resources */,
			);
			buildRules = (
			);
			dependencies = (
			);
			name = RxReduceMovies;
			productName = RxReduceMovies;
			productReference = BBCE8EF9229F76E5001A4FDA /* RxReduceMovies.app */;
			productType = "com.apple.product-type.application";
		};
/* End PBXNativeTarget section */

/* Begin PBXProject section */
		BBCE8EF1229F76E5001A4FDA /* Project object */ = {
			isa = PBXProject;
			attributes = {
				LastSwiftUpdateCheck = 1020;
				LastUpgradeCheck = 1020;
				ORGANIZATIONNAME = KazukiSugita;
				TargetAttributes = {
					BBCE8EF8229F76E5001A4FDA = {
						CreatedOnToolsVersion = 10.2.1;
					};
				};
			};
			buildConfigurationList = BBCE8EF4229F76E5001A4FDA /* Build configuration list for PBXProject "RxReduceMovies" */;
			compatibilityVersion = "Xcode 9.3";
			developmentRegion = en;
			hasScannedForEncodings = 0;
			knownRegions = (
				en,
				Base,
			);
			mainGroup = BBCE8EF0229F76E5001A4FDA;
			productRefGroup = BBCE8EFA229F76E5001A4FDA /* Products */;
			projectDirPath = "";
			projectRoot = "";
			targets = (
				BBCE8EF8229F76E5001A4FDA /* RxReduceMovies */,
			);
		};
/* End PBXProject section */

/* Begin PBXResourcesBuildPhase section */
		BBCE8EF7229F76E5001A4FDA /* Resources */ = {
			isa = PBXResourcesBuildPhase;
			buildActionMask = 2147483647;
			files = (
				BBCE8F07229F76E6001A4FDA /* LaunchScreen.storyboard in Resources */,
				BBCE8F04229F76E6001A4FDA /* Assets.xcassets in Resources */,
				BBCE8F02229F76E5001A4FDA /* Main.storyboard in Resources */,
			);
			runOnlyForDeploymentPostprocessing = 0;
		};
/* End PBXResourcesBuildPhase section */

/* Begin PBXSourcesBuildPhase section */
		BBCE8EF5229F76E5001A4FDA /* Sources */ = {
			isa = PBXSourcesBuildPhase;
			buildActionMask = 2147483647;
			files = (
				BBCE8EFF229F76E5001A4FDA /* ViewController.swift in Sources */,
				BBCE8EFD229F76E5001A4FDA /* AppDelegate.swift in Sources */,
			);
			runOnlyForDeploymentPostprocessing = 0;
		};
/* End PBXSourcesBuildPhase section */

/* Begin PBXVariantGroup section */
		BBCE8F00229F76E5001A4FDA /* Main.storyboard */ = {
			isa = PBXVariantGroup;
			children = (
				BBCE8F01229F76E5001A4FDA /* Base */,
			);
			name = Main.storyboard;
			sourceTree = "<group>";
		};
		BBCE8F05229F76E6001A4FDA /* LaunchScreen.storyboard */ = {
			isa = PBXVariantGroup;
			children = (
				BBCE8F06229F76E6001A4FDA /* Base */,
			);
			name = LaunchScreen.storyboard;
			sourceTree = "<group>";
		};
/* End PBXVariantGroup section */

/* Begin XCBuildConfiguration section */
		BBCE8F09229F76E6001A4FDA /* Debug */ = {
			isa = XCBuildConfiguration;
			buildSettings = {
				ALWAYS_SEARCH_USER_PATHS = NO;
				CLANG_ANALYZER_NONNULL = YES;
				CLANG_ANALYZER_NUMBER_OBJECT_CONVERSION = YES_AGGRESSIVE;
				CLANG_CXX_LANGUAGE_STANDARD = "gnu++14";
				CLANG_CXX_LIBRARY = "libc++";
				CLANG_ENABLE_MODULES = YES;
				CLANG_ENABLE_OBJC_ARC = YES;
				CLANG_ENABLE_OBJC_WEAK = YES;
				CLANG_WARN_BLOCK_CAPTURE_AUTORELEASING = YES;
				CLANG_WARN_BOOL_CONVERSION = YES;
				CLANG_WARN_COMMA = YES;
				CLANG_WARN_CONSTANT_CONVERSION = YES;
				CLANG_WARN_DEPRECATED_OBJC_IMPLEMENTATIONS = YES;
				CLANG_WARN_DIRECT_OBJC_ISA_USAGE = YES_ERROR;
				CLANG_WARN_DOCUMENTATION_COMMENTS = YES;
				CLANG_WARN_EMPTY_BODY = YES;
				CLANG_WARN_ENUM_CONVERSION = YES;
				CLANG_WARN_INFINITE_RECURSION = YES;
				CLANG_WARN_INT_CONVERSION = YES;
				CLANG_WARN_NON_LITERAL_NULL_CONVERSION = YES;
				CLANG_WARN_OBJC_IMPLICIT_RETAIN_SELF = YES;
				CLANG_WARN_OBJC_LITERAL_CONVERSION = YES;
				CLANG_WARN_OBJC_ROOT_CLASS = YES_ERROR;
				CLANG_WARN_RANGE_LOOP_ANALYSIS = YES;
				CLANG_WARN_STRICT_PROTOTYPES = YES;
				CLANG_WARN_SUSPICIOUS_MOVE = YES;
				CLANG_WARN_UNGUARDED_AVAILABILITY = YES_AGGRESSIVE;
				CLANG_WARN_UNREACHABLE_CODE = YES;
				CLANG_WARN__DUPLICATE_METHOD_MATCH = YES;
				CODE_SIGN_IDENTITY = "iPhone Developer";
				COPY_PHASE_STRIP = NO;
				DEBUG_INFORMATION_FORMAT = dwarf;
				ENABLE_STRICT_OBJC_MSGSEND = YES;
				ENABLE_TESTABILITY = YES;
				GCC_C_LANGUAGE_STANDARD = gnu11;
				GCC_DYNAMIC_NO_PIC = NO;
				GCC_NO_COMMON_BLOCKS = YES;
				GCC_OPTIMIZATION_LEVEL = 0;
				GCC_PREPROCESSOR_DEFINITIONS = (
					"DEBUG=1",
					"$(inherited)",
				);
				GCC_WARN_64_TO_32_BIT_CONVERSION = YES;
				GCC_WARN_ABOUT_RETURN_TYPE = YES_ERROR;
				GCC_WARN_UNDECLARED_SELECTOR = YES;
				GCC_WARN_UNINITIALIZED_AUTOS = YES_AGGRESSIVE;
				GCC_WARN_UNUSED_FUNCTION = YES;
				GCC_WARN_UNUSED_VARIABLE = YES;
				IPHONEOS_DEPLOYMENT_TARGET = 12.2;
				MTL_ENABLE_DEBUG_INFO = INCLUDE_SOURCE;
				MTL_FAST_MATH = YES;
				ONLY_ACTIVE_ARCH = YES;
				SDKROOT = iphoneos;
				SWIFT_ACTIVE_COMPILATION_CONDITIONS = DEBUG;
				SWIFT_OPTIMIZATION_LEVEL = "-Onone";
			};
			name = Debug;
		};
		BBCE8F0A229F76E6001A4FDA /* Release */ = {
			isa = XCBuildConfiguration;
			buildSettings = {
				ALWAYS_SEARCH_USER_PATHS = NO;
				CLANG_ANALYZER_NONNULL = YES;
				CLANG_ANALYZER_NUMBER_OBJECT_CONVERSION = YES_AGGRESSIVE;
				CLANG_CXX_LANGUAGE_STANDARD = "gnu++14";
				CLANG_CXX_LIBRARY = "libc++";
				CLANG_ENABLE_MODULES = YES;
				CLANG_ENABLE_OBJC_ARC = YES;
				CLANG_ENABLE_OBJC_WEAK = YES;
				CLANG_WARN_BLOCK_CAPTURE_AUTORELEASING = YES;
				CLANG_WARN_BOOL_CONVERSION = YES;
				CLANG_WARN_COMMA = YES;
				CLANG_WARN_CONSTANT_CONVERSION = YES;
				CLANG_WARN_DEPRECATED_OBJC_IMPLEMENTATIONS = YES;
				CLANG_WARN_DIRECT_OBJC_ISA_USAGE = YES_ERROR;
				CLANG_WARN_DOCUMENTATION_COMMENTS = YES;
				CLANG_WARN_EMPTY_BODY = YES;
				CLANG_WARN_ENUM_CONVERSION = YES;
				CLANG_WARN_INFINITE_RECURSION = YES;
				CLANG_WARN_INT_CONVERSION = YES;
				CLANG_WARN_NON_LITERAL_NULL_CONVERSION = YES;
				CLANG_WARN_OBJC_IMPLICIT_RETAIN_SELF = YES;
				CLANG_WARN_OBJC_LITERAL_CONVERSION = YES;
				CLANG_WARN_OBJC_ROOT_CLASS = YES_ERROR;
				CLANG_WARN_RANGE_LOOP_ANALYSIS = YES;
				CLANG_WARN_STRICT_PROTOTYPES = YES;
				CLANG_WARN_SUSPICIOUS_MOVE = YES;
				CLANG_WARN_UNGUARDED_AVAILABILITY = YES_AGGRESSIVE;
				CLANG_WARN_UNREACHABLE_CODE = YES;
				CLANG_WARN__DUPLICATE_METHOD_MATCH = YES;
				CODE_SIGN_IDENTITY = "iPhone Developer";
				COPY_PHASE_STRIP = NO;
				DEBUG_INFORMATION_FORMAT = "dwarf-with-dsym";
				ENABLE_NS_ASSERTIONS = NO;
				ENABLE_STRICT_OBJC_MSGSEND = YES;
				GCC_C_LANGUAGE_STANDARD = gnu11;
				GCC_NO_COMMON_BLOCKS = YES;
				GCC_WARN_64_TO_32_BIT_CONVERSION = YES;
				GCC_WARN_ABOUT_RETURN_TYPE = YES_ERROR;
				GCC_WARN_UNDECLARED_SELECTOR = YES;
				GCC_WARN_UNINITIALIZED_AUTOS = YES_AGGRESSIVE;
				GCC_WARN_UNUSED_FUNCTION = YES;
				GCC_WARN_UNUSED_VARIABLE = YES;
				IPHONEOS_DEPLOYMENT_TARGET = 12.2;
				MTL_ENABLE_DEBUG_INFO = NO;
				MTL_FAST_MATH = YES;
				SDKROOT = iphoneos;
				SWIFT_COMPILATION_MODE = wholemodule;
				SWIFT_OPTIMIZATION_LEVEL = "-O";
				VALIDATE_PRODUCT = YES;
			};
			name = Release;
		};
		BBCE8F0C229F76E6001A4FDA /* Debug */ = {
			isa = XCBuildConfiguration;
			buildSettings = {
				ASSETCATALOG_COMPILER_APPICON_NAME = AppIcon;
				CODE_SIGN_STYLE = Automatic;
				DEVELOPMENT_TEAM = DX96WU2A55;
				INFOPLIST_FILE = RxReduceMovies/Info.plist;
				LD_RUNPATH_SEARCH_PATHS = (
					"$(inherited)",
					"@executable_path/Frameworks",
				);
				PRODUCT_BUNDLE_IDENTIFIER = com.KazukiSugita.RxReduceMovies;
				PRODUCT_NAME = "$(TARGET_NAME)";
				SWIFT_VERSION = 5.0;
				TARGETED_DEVICE_FAMILY = "1,2";
			};
			name = Debug;
		};
		BBCE8F0D229F76E6001A4FDA /* Release */ = {
			isa = XCBuildConfiguration;
			buildSettings = {
				ASSETCATALOG_COMPILER_APPICON_NAME = AppIcon;
				CODE_SIGN_STYLE = Automatic;
				DEVELOPMENT_TEAM = DX96WU2A55;
				INFOPLIST_FILE = RxReduceMovies/Info.plist;
				LD_RUNPATH_SEARCH_PATHS = (
					"$(inherited)",
					"@executable_path/Frameworks",
				);
				PRODUCT_BUNDLE_IDENTIFIER = com.KazukiSugita.RxReduceMovies;
				PRODUCT_NAME = "$(TARGET_NAME)";
				SWIFT_VERSION = 5.0;
				TARGETED_DEVICE_FAMILY = "1,2";
			};
			name = Release;
		};
/* End XCBuildConfiguration section */

/* Begin XCConfigurationList section */
		BBCE8EF4229F76E5001A4FDA /* Build configuration list for PBXProject "RxReduceMovies" */ = {
			isa = XCConfigurationList;
			buildConfigurations = (
				BBCE8F09229F76E6001A4FDA /* Debug */,
				BBCE8F0A229F76E6001A4FDA /* Release */,
			);
			defaultConfigurationIsVisible = 0;
			defaultConfigurationName = Release;
		};
		BBCE8F0B229F76E6001A4FDA /* Build configuration list for PBXNativeTarget "RxReduceMovies" */ = {
			isa = XCConfigurationList;
			buildConfigurations = (
				BBCE8F0C229F76E6001A4FDA /* Debug */,
				BBCE8F0D229F76E6001A4FDA /* Release */,
			);
			defaultConfigurationIsVisible = 0;
			defaultConfigurationName = Release;
		};
/* End XCConfigurationList section */
	};
	rootObject = BBCE8EF1229F76E5001A4FDA /* Project object */;
}
